
Microsoft Visual Studio Solution File, Format Version 12.00
# Visual Studio Version 17
VisualStudioVersion = 17.0.31903.59
MinimumVisualStudioVersion = 10.0.40219.1
Project("{FAE04EC0-301F-11D3-BF4B-00C04F79EFBC}") = "PaymentService", "PaymentService\PaymentService.csproj", "{8293A181-58E5-4A60-9FCB-6BFD662F5F0F}"
EndProject
Project("{FAE04EC0-301F-11D3-BF4B-00C04F79EFBC}") = "PaymentClient", "PaymentClient\PaymentClient.csproj", "{4D734743-27DB-490F-A2C6-FF420B059267}"
EndProject
Global
	GlobalSection(SolutionProperties) = preSolution
		HideSolutionNode = FALSE
	EndGlobalSection
	GlobalSection(SolutionConfigurationPlatforms) = preSolution
		Debug|Any CPU = Debug|Any CPU
		Debug|x64 = Debug|x64
		Debug|x86 = Debug|x86
		Release|Any CPU = Release|Any CPU
		Release|x64 = Release|x64
		Release|x86 = Release|x86
	EndGlobalSection
	GlobalSection(ProjectConfigurationPlatforms) = postSolution
		{8293A181-58E5-4A60-9FCB-6BFD662F5F0F}.Debug|Any CPU.ActiveCfg = Debug|Any CPU
		{8293A181-58E5-4A60-9FCB-6BFD662F5F0F}.Debug|Any CPU.Build.0 = Debug|Any CPU
		{8293A181-58E5-4A60-9FCB-6BFD662F5F0F}.Debug|x64.ActiveCfg = Debug|Any CPU
		{8293A181-58E5-4A60-9FCB-6BFD662F5F0F}.Debug|x64.Build.0 = Debug|Any CPU
		{8293A181-58E5-4A60-9FCB-6BFD662F5F0F}.Debug|x86.ActiveCfg = Debug|Any CPU
		{8293A181-58E5-4A60-9FCB-6BFD662F5F0F}.Debug|x86.Build.0 = Debug|Any CPU
		{8293A181-58E5-4A60-9FCB-6BFD662F5F0F}.Release|Any CPU.ActiveCfg = Release|Any CPU
		{8293A181-58E5-4A60-9FCB-6BFD662F5F0F}.Release|Any CPU.Build.0 = Release|Any CPU
		{8293A181-58E5-4A60-9FCB-6BFD662F5F0F}.Release|x64.ActiveCfg = Release|Any CPU
		{8293A181-58E5-4A60-9FCB-6BFD662F5F0F}.Release|x64.Build.0 = Release|Any CPU
		{8293A181-58E5-4A60-9FCB-6BFD662F5F0F}.Release|x86.ActiveCfg = Release|Any CPU
		{8293A181-58E5-4A60-9FCB-6BFD662F5F0F}.Release|x86.Build.0 = Release|Any CPU
		{4D734743-27DB-490F-A2C6-FF420B059267}.Debug|Any CPU.ActiveCfg = Debug|Any CPU
		{4D734743-27DB-490F-A2C6-FF420B059267}.Debug|Any CPU.Build.0 = Debug|Any CPU
		{4D734743-27DB-490F-A2C6-FF420B059267}.Debug|x64.ActiveCfg = Debug|Any CPU
		{4D734743-27DB-490F-A2C6-FF420B059267}.Debug|x64.Build.0 = Debug|Any CPU
		{4D734743-27DB-490F-A2C6-FF420B059267}.Debug|x86.ActiveCfg = Debug|Any CPU
		{4D734743-27DB-490F-A2C6-FF420B059267}.Debug|x86.Build.0 = Debug|Any CPU
		{4D734743-27DB-490F-A2C6-FF420B059267}.Release|Any CPU.ActiveCfg = Release|Any CPU
		{4D734743-27DB-490F-A2C6-FF420B059267}.Release|Any CPU.Build.0 = Release|Any CPU
		{4D734743-27DB-490F-A2C6-FF420B059267}.Release|x64.ActiveCfg = Release|Any CPU
		{4D734743-27DB-490F-A2C6-FF420B059267}.Release|x64.Build.0 = Release|Any CPU
		{4D734743-27DB-490F-A2C6-FF420B059267}.Release|x86.ActiveCfg = Release|Any CPU
		{4D734743-27DB-490F-A2C6-FF420B059267}.Release|x86.Build.0 = Release|Any CPU
	EndGlobalSection
EndGlobal
