
Microsoft Visual Studio Solution File, Format Version 12.00
# Visual Studio Version 17
VisualStudioVersion = 17.0.31903.59
MinimumVisualStudioVersion = 10.0.40219.1
Project("{FAE04EC0-301F-11D3-BF4B-00C04F79EFBC}") = "PaymentClient", "PaymentClient\PaymentClient.csproj", "{30DEB924-68E0-4C7D-8CAD-E724B970BD25}"
EndProject
Project("{FAE04EC0-301F-11D3-BF4B-00C04F79EFBC}") = "PaymentService", "PaymentService\PaymentService.csproj", "{DF3EE427-3EEC-4D18-8AB6-68CD89642BB4}"
EndProject
Project("{FAE04EC0-301F-11D3-BF4B-00C04F79EFBC}") = "SharedModels", "SharedModels\SharedModels.csproj", "{F32BDF9D-5263-4515-8A0D-7BC1F2C114E3}"
EndProject
Project("{FAE04EC0-301F-11D3-BF4B-00C04F79EFBC}") = "DataAccess", "DataAccess\DataAccess.csproj", "{181B55B0-2DBF-4D94-924F-3D4B68503EC9}"
EndProject
Global
	GlobalSection(SolutionConfigurationPlatforms) = preSolution
		Debug|Any CPU = Debug|Any CPU
		Debug|x64 = Debug|x64
		Debug|x86 = Debug|x86
		Release|Any CPU = Release|Any CPU
		Release|x64 = Release|x64
		Release|x86 = Release|x86
	EndGlobalSection
	GlobalSection(ProjectConfigurationPlatforms) = postSolution
		{30DEB924-68E0-4C7D-8CAD-E724B970BD25}.Debug|Any CPU.ActiveCfg = Debug|Any CPU
		{30DEB924-68E0-4C7D-8CAD-E724B970BD25}.Debug|Any CPU.Build.0 = Debug|Any CPU
		{30DEB924-68E0-4C7D-8CAD-E724B970BD25}.Debug|x64.ActiveCfg = Debug|Any CPU
		{30DEB924-68E0-4C7D-8CAD-E724B970BD25}.Debug|x64.Build.0 = Debug|Any CPU
		{30DEB924-68E0-4C7D-8CAD-E724B970BD25}.Debug|x86.ActiveCfg = Debug|Any CPU
		{30DEB924-68E0-4C7D-8CAD-E724B970BD25}.Debug|x86.Build.0 = Debug|Any CPU
		{30DEB924-68E0-4C7D-8CAD-E724B970BD25}.Release|Any CPU.ActiveCfg = Release|Any CPU
		{30DEB924-68E0-4C7D-8CAD-E724B970BD25}.Release|Any CPU.Build.0 = Release|Any CPU
		{30DEB924-68E0-4C7D-8CAD-E724B970BD25}.Release|x64.ActiveCfg = Release|Any CPU
		{30DEB924-68E0-4C7D-8CAD-E724B970BD25}.Release|x64.Build.0 = Release|Any CPU
		{30DEB924-68E0-4C7D-8CAD-E724B970BD25}.Release|x86.ActiveCfg = Release|Any CPU
		{30DEB924-68E0-4C7D-8CAD-E724B970BD25}.Release|x86.Build.0 = Release|Any CPU
		{DF3EE427-3EEC-4D18-8AB6-68CD89642BB4}.Debug|Any CPU.ActiveCfg = Debug|Any CPU
		{DF3EE427-3EEC-4D18-8AB6-68CD89642BB4}.Debug|Any CPU.Build.0 = Debug|Any CPU
		{DF3EE427-3EEC-4D18-8AB6-68CD89642BB4}.Debug|x64.ActiveCfg = Debug|Any CPU
		{DF3EE427-3EEC-4D18-8AB6-68CD89642BB4}.Debug|x64.Build.0 = Debug|Any CPU
		{DF3EE427-3EEC-4D18-8AB6-68CD89642BB4}.Debug|x86.ActiveCfg = Debug|Any CPU
		{DF3EE427-3EEC-4D18-8AB6-68CD89642BB4}.Debug|x86.Build.0 = Debug|Any CPU
		{DF3EE427-3EEC-4D18-8AB6-68CD89642BB4}.Release|Any CPU.ActiveCfg = Release|Any CPU
		{DF3EE427-3EEC-4D18-8AB6-68CD89642BB4}.Release|Any CPU.Build.0 = Release|Any CPU
		{DF3EE427-3EEC-4D18-8AB6-68CD89642BB4}.Release|x64.ActiveCfg = Release|Any CPU
		{DF3EE427-3EEC-4D18-8AB6-68CD89642BB4}.Release|x64.Build.0 = Release|Any CPU
		{DF3EE427-3EEC-4D18-8AB6-68CD89642BB4}.Release|x86.ActiveCfg = Release|Any CPU
		{DF3EE427-3EEC-4D18-8AB6-68CD89642BB4}.Release|x86.Build.0 = Release|Any CPU
		{F32BDF9D-5263-4515-8A0D-7BC1F2C114E3}.Debug|Any CPU.ActiveCfg = Debug|Any CPU
		{F32BDF9D-5263-4515-8A0D-7BC1F2C114E3}.Debug|Any CPU.Build.0 = Debug|Any CPU
		{F32BDF9D-5263-4515-8A0D-7BC1F2C114E3}.Debug|x64.ActiveCfg = Debug|Any CPU
		{F32BDF9D-5263-4515-8A0D-7BC1F2C114E3}.Debug|x64.Build.0 = Debug|Any CPU
		{F32BDF9D-5263-4515-8A0D-7BC1F2C114E3}.Debug|x86.ActiveCfg = Debug|Any CPU
		{F32BDF9D-5263-4515-8A0D-7BC1F2C114E3}.Debug|x86.Build.0 = Debug|Any CPU
		{F32BDF9D-5263-4515-8A0D-7BC1F2C114E3}.Release|Any CPU.ActiveCfg = Release|Any CPU
		{F32BDF9D-5263-4515-8A0D-7BC1F2C114E3}.Release|Any CPU.Build.0 = Release|Any CPU
		{F32BDF9D-5263-4515-8A0D-7BC1F2C114E3}.Release|x64.ActiveCfg = Release|Any CPU
		{F32BDF9D-5263-4515-8A0D-7BC1F2C114E3}.Release|x64.Build.0 = Release|Any CPU
		{F32BDF9D-5263-4515-8A0D-7BC1F2C114E3}.Release|x86.ActiveCfg = Release|Any CPU
		{F32BDF9D-5263-4515-8A0D-7BC1F2C114E3}.Release|x86.Build.0 = Release|Any CPU
		{181B55B0-2DBF-4D94-924F-3D4B68503EC9}.Debug|Any CPU.ActiveCfg = Debug|Any CPU
		{181B55B0-2DBF-4D94-924F-3D4B68503EC9}.Debug|Any CPU.Build.0 = Debug|Any CPU
		{181B55B0-2DBF-4D94-924F-3D4B68503EC9}.Debug|x64.ActiveCfg = Debug|Any CPU
		{181B55B0-2DBF-4D94-924F-3D4B68503EC9}.Debug|x64.Build.0 = Debug|Any CPU
		{181B55B0-2DBF-4D94-924F-3D4B68503EC9}.Debug|x86.ActiveCfg = Debug|Any CPU
		{181B55B0-2DBF-4D94-924F-3D4B68503EC9}.Debug|x86.Build.0 = Debug|Any CPU
		{181B55B0-2DBF-4D94-924F-3D4B68503EC9}.Release|Any CPU.ActiveCfg = Release|Any CPU
		{181B55B0-2DBF-4D94-924F-3D4B68503EC9}.Release|Any CPU.Build.0 = Release|Any CPU
		{181B55B0-2DBF-4D94-924F-3D4B68503EC9}.Release|x64.ActiveCfg = Release|Any CPU
		{181B55B0-2DBF-4D94-924F-3D4B68503EC9}.Release|x64.Build.0 = Release|Any CPU
		{181B55B0-2DBF-4D94-924F-3D4B68503EC9}.Release|x86.ActiveCfg = Release|Any CPU
		{181B55B0-2DBF-4D94-924F-3D4B68503EC9}.Release|x86.Build.0 = Release|Any CPU
	EndGlobalSection
	GlobalSection(SolutionProperties) = preSolution
		HideSolutionNode = FALSE
	EndGlobalSection
EndGlobal
